
Microsoft Visual Studio Solution File, Format Version 12.00
# Visual Studio 15
VisualStudioVersion = 15.0.27703.2035
MinimumVisualStudioVersion = 10.0.40219.1
Project("{FAE04EC0-301F-11D3-BF4B-00C04F79EFBC}") = "AliaSQL.Core", "AliaSQL.Core\AliaSQL.Core.csproj", "{46862968-EBAB-4DAF-9715-65C00343719D}"
EndProject
Project("{FAE04EC0-301F-11D3-BF4B-00C04F79EFBC}") = "AliaSQL.Console", "AliaSQL.Console\AliaSQL.Console.csproj", "{D93AABF8-689E-415D-98B5-CC8C90545A37}"
EndProject
Project("{FAE04EC0-301F-11D3-BF4B-00C04F79EFBC}") = "AliaSQL.Test", "AliaSQL.Test\AliaSQL.Test.csproj", "{309D72A0-50F6-4233-8C17-8EFBA3B7BCA3}"
EndProject
Global
	GlobalSection(SolutionConfigurationPlatforms) = preSolution
		Debug|Any CPU = Debug|Any CPU
		Release|Any CPU = Release|Any CPU
	EndGlobalSection
	GlobalSection(ProjectConfigurationPlatforms) = postSolution
		{46862968-EBAB-4DAF-9715-65C00343719D}.Debug|Any CPU.ActiveCfg = Debug|Any CPU
		{46862968-EBAB-4DAF-9715-65C00343719D}.Debug|Any CPU.Build.0 = Debug|Any CPU
		{46862968-EBAB-4DAF-9715-65C00343719D}.Release|Any CPU.ActiveCfg = Release|Any CPU
		{46862968-EBAB-4DAF-9715-65C00343719D}.Release|Any CPU.Build.0 = Release|Any CPU
		{D93AABF8-689E-415D-98B5-CC8C90545A37}.Debug|Any CPU.ActiveCfg = Debug|Any CPU
		{D93AABF8-689E-415D-98B5-CC8C90545A37}.Debug|Any CPU.Build.0 = Debug|Any CPU
		{D93AABF8-689E-415D-98B5-CC8C90545A37}.Release|Any CPU.ActiveCfg = Release|Any CPU
		{D93AABF8-689E-415D-98B5-CC8C90545A37}.Release|Any CPU.Build.0 = Release|Any CPU
		{309D72A0-50F6-4233-8C17-8EFBA3B7BCA3}.Debug|Any CPU.ActiveCfg = Debug|Any CPU
		{309D72A0-50F6-4233-8C17-8EFBA3B7BCA3}.Debug|Any CPU.Build.0 = Debug|Any CPU
		{309D72A0-50F6-4233-8C17-8EFBA3B7BCA3}.Release|Any CPU.ActiveCfg = Release|Any CPU
		{309D72A0-50F6-4233-8C17-8EFBA3B7BCA3}.Release|Any CPU.Build.0 = Release|Any CPU
	EndGlobalSection
	GlobalSection(SolutionProperties) = preSolution
		HideSolutionNode = FALSE
	EndGlobalSection
	GlobalSection(ExtensibilityGlobals) = postSolution
		SolutionGuid = {C4243A9D-63BD-4AEB-83D4-93F5A0585417}
	EndGlobalSection
EndGlobal
